// !$*UTF8*$!
{
	archiveVersion = 1;
	classes = {
	};
	objectVersion = 50;
	objects = {

/* Begin PBXBuildFile section */
		13BC1E2921DE98830063A9BB /* AppDelegate.swift in Sources */ = {isa = PBXBuildFile; fileRef = 13BC1E2821DE98830063A9BB /* AppDelegate.swift */; };
		13BC1E2B21DE98830063A9BB /* NewQuoteViewController.swift in Sources */ = {isa = PBXBuildFile; fileRef = 13BC1E2A21DE98830063A9BB /* NewQuoteViewController.swift */; };
		13BC1E2E21DE98830063A9BB /* Main.storyboard in Resources */ = {isa = PBXBuildFile; fileRef = 13BC1E2C21DE98830063A9BB /* Main.storyboard */; };
		13BC1E3021DE98840063A9BB /* Assets.xcassets in Resources */ = {isa = PBXBuildFile; fileRef = 13BC1E2F21DE98840063A9BB /* Assets.xcassets */; };
		13BC1E3321DE98840063A9BB /* LaunchScreen.storyboard in Resources */ = {isa = PBXBuildFile; fileRef = 13BC1E3121DE98840063A9BB /* LaunchScreen.storyboard */; };
		13BC1E3F21DE9B690063A9BB /* Quotes.xcdatamodeld in Sources */ = {isa = PBXBuildFile; fileRef = 13BC1E3D21DE9B690063A9BB /* Quotes.xcdatamodeld */; };
		13BC1E4121DE9FB50063A9BB /* MyQuotesTableViewController.swift in Sources */ = {isa = PBXBuildFile; fileRef = 13BC1E4021DE9FB50063A9BB /* MyQuotesTableViewController.swift */; };
		13BC1E4421DEA2910063A9BB /* Quotes API.swift in Sources */ = {isa = PBXBuildFile; fileRef = 13BC1E4321DEA2910063A9BB /* Quotes API.swift */; };
		13BC1E4621DEA9E80063A9BB /* QuoteResponse.swift in Sources */ = {isa = PBXBuildFile; fileRef = 13BC1E4521DEA9E80063A9BB /* QuoteResponse.swift */; };
		13C5415021DF8B7D00D92BDF /* DataController.swift in Sources */ = {isa = PBXBuildFile; fileRef = 13C5414F21DF8B7D00D92BDF /* DataController.swift */; };
		13C5415221DF953C00D92BDF /* PersistenceStackClientProtocol.swift in Sources */ = {isa = PBXBuildFile; fileRef = 13C5415121DF953C00D92BDF /* PersistenceStackClientProtocol.swift */; };
		13C5415421DFA50200D92BDF /* Quote+Extenstion.swift in Sources */ = {isa = PBXBuildFile; fileRef = 13C5415321DFA50200D92BDF /* Quote+Extenstion.swift */; };
		13C5415621DFD95200D92BDF /* customTabBarViewController.swift in Sources */ = {isa = PBXBuildFile; fileRef = 13C5415521DFD95200D92BDF /* customTabBarViewController.swift */; };
		13C5415821DFF13100D92BDF /* MyTableViewCell.swift in Sources */ = {isa = PBXBuildFile; fileRef = 13C5415721DFF13100D92BDF /* MyTableViewCell.swift */; };
		13C5415A21DFF73700D92BDF /* Colors.xcassets in Resources */ = {isa = PBXBuildFile; fileRef = 13C5415921DFF73700D92BDF /* Colors.xcassets */; };
		13C5415C21E00DA500D92BDF /* myCustomButton.swift in Sources */ = {isa = PBXBuildFile; fileRef = 13C5415B21E00DA500D92BDF /* myCustomButton.swift */; };
/* End PBXBuildFile section */

/* Begin PBXFileReference section */
		13BC1E2521DE98830063A9BB /* My Quotes.app */ = {isa = PBXFileReference; explicitFileType = wrapper.application; includeInIndex = 0; path = "My Quotes.app"; sourceTree = BUILT_PRODUCTS_DIR; };
		13BC1E2821DE98830063A9BB /* AppDelegate.swift */ = {isa = PBXFileReference; lastKnownFileType = sourcecode.swift; path = AppDelegate.swift; sourceTree = "<group>"; };
		13BC1E2A21DE98830063A9BB /* NewQuoteViewController.swift */ = {isa = PBXFileReference; lastKnownFileType = sourcecode.swift; path = NewQuoteViewController.swift; sourceTree = "<group>"; };
		13BC1E2D21DE98830063A9BB /* Base */ = {isa = PBXFileReference; lastKnownFileType = file.storyboard; name = Base; path = Base.lproj/Main.storyboard; sourceTree = "<group>"; };
		13BC1E2F21DE98840063A9BB /* Assets.xcassets */ = {isa = PBXFileReference; lastKnownFileType = folder.assetcatalog; path = Assets.xcassets; sourceTree = "<group>"; };
		13BC1E3221DE98840063A9BB /* Base */ = {isa = PBXFileReference; lastKnownFileType = file.storyboard; name = Base; path = Base.lproj/LaunchScreen.storyboard; sourceTree = "<group>"; };
		13BC1E3421DE98840063A9BB /* Info.plist */ = {isa = PBXFileReference; lastKnownFileType = text.plist.xml; path = Info.plist; sourceTree = "<group>"; };
		13BC1E3E21DE9B690063A9BB /* Quotes.xcdatamodel */ = {isa = PBXFileReference; lastKnownFileType = wrapper.xcdatamodel; path = Quotes.xcdatamodel; sourceTree = "<group>"; };
		13BC1E4021DE9FB50063A9BB /* MyQuotesTableViewController.swift */ = {isa = PBXFileReference; lastKnownFileType = sourcecode.swift; path = MyQuotesTableViewController.swift; sourceTree = "<group>"; };
		13BC1E4321DEA2910063A9BB /* Quotes API.swift */ = {isa = PBXFileReference; lastKnownFileType = sourcecode.swift; path = "Quotes API.swift"; sourceTree = "<group>"; };
		13BC1E4521DEA9E80063A9BB /* QuoteResponse.swift */ = {isa = PBXFileReference; lastKnownFileType = sourcecode.swift; path = QuoteResponse.swift; sourceTree = "<group>"; };
		13C5414F21DF8B7D00D92BDF /* DataController.swift */ = {isa = PBXFileReference; lastKnownFileType = sourcecode.swift; path = DataController.swift; sourceTree = "<group>"; };
		13C5415121DF953C00D92BDF /* PersistenceStackClientProtocol.swift */ = {isa = PBXFileReference; lastKnownFileType = sourcecode.swift; path = PersistenceStackClientProtocol.swift; sourceTree = "<group>"; };
		13C5415321DFA50200D92BDF /* Quote+Extenstion.swift */ = {isa = PBXFileReference; lastKnownFileType = sourcecode.swift; path = "Quote+Extenstion.swift"; sourceTree = "<group>"; };
		13C5415521DFD95200D92BDF /* customTabBarViewController.swift */ = {isa = PBXFileReference; lastKnownFileType = sourcecode.swift; path = customTabBarViewController.swift; sourceTree = "<group>"; };
		13C5415721DFF13100D92BDF /* MyTableViewCell.swift */ = {isa = PBXFileReference; lastKnownFileType = sourcecode.swift; path = MyTableViewCell.swift; sourceTree = "<group>"; };
		13C5415921DFF73700D92BDF /* Colors.xcassets */ = {isa = PBXFileReference; lastKnownFileType = folder.assetcatalog; path = Colors.xcassets; sourceTree = "<group>"; };
		13C5415B21E00DA500D92BDF /* myCustomButton.swift */ = {isa = PBXFileReference; lastKnownFileType = sourcecode.swift; path = myCustomButton.swift; sourceTree = "<group>"; };
/* End PBXFileReference section */

/* Begin PBXFrameworksBuildPhase section */
		13BC1E2221DE98830063A9BB /* Frameworks */ = {
			isa = PBXFrameworksBuildPhase;
			buildActionMask = 2147483647;
			files = (
			);
			runOnlyForDeploymentPostprocessing = 0;
		};
/* End PBXFrameworksBuildPhase section */

/* Begin PBXGroup section */
		13BC1E1C21DE98830063A9BB = {
			isa = PBXGroup;
			children = (
				13C5415921DFF73700D92BDF /* Colors.xcassets */,
				13BC1E2721DE98830063A9BB /* My Quotes */,
				13BC1E2621DE98830063A9BB /* Products */,
			);
			sourceTree = "<group>";
		};
		13BC1E2621DE98830063A9BB /* Products */ = {
			isa = PBXGroup;
			children = (
				13BC1E2521DE98830063A9BB /* My Quotes.app */,
			);
			name = Products;
			sourceTree = "<group>";
		};
		13BC1E2721DE98830063A9BB /* My Quotes */ = {
			isa = PBXGroup;
			children = (
				13BC1E2821DE98830063A9BB /* AppDelegate.swift */,
				13BC1E3A21DE9B210063A9BB /* Model */,
				13BC1E3B21DE9B250063A9BB /* View */,
				13BC1E3C21DE9B2F0063A9BB /* Controllers */,
				13BC1E4221DEA2780063A9BB /* API */,
				13BC1E2F21DE98840063A9BB /* Assets.xcassets */,
				13BC1E3121DE98840063A9BB /* LaunchScreen.storyboard */,
				13BC1E3421DE98840063A9BB /* Info.plist */,
			);
			path = "My Quotes";
			sourceTree = "<group>";
		};
		13BC1E3A21DE9B210063A9BB /* Model */ = {
			isa = PBXGroup;
			children = (
				13BC1E3D21DE9B690063A9BB /* Quotes.xcdatamodeld */,
				13C5414F21DF8B7D00D92BDF /* DataController.swift */,
				13C5415121DF953C00D92BDF /* PersistenceStackClientProtocol.swift */,
				13C5415321DFA50200D92BDF /* Quote+Extenstion.swift */,
			);
			path = Model;
			sourceTree = "<group>";
		};
		13BC1E3B21DE9B250063A9BB /* View */ = {
			isa = PBXGroup;
			children = (
				13BC1E2C21DE98830063A9BB /* Main.storyboard */,
				13C5415721DFF13100D92BDF /* MyTableViewCell.swift */,
				13C5415B21E00DA500D92BDF /* myCustomButton.swift */,
			);
			path = View;
			sourceTree = "<group>";
		};
		13BC1E3C21DE9B2F0063A9BB /* Controllers */ = {
			isa = PBXGroup;
			children = (
				13BC1E2A21DE98830063A9BB /* NewQuoteViewController.swift */,
				13BC1E4021DE9FB50063A9BB /* MyQuotesTableViewController.swift */,
				13C5415521DFD95200D92BDF /* customTabBarViewController.swift */,
			);
			path = Controllers;
			sourceTree = "<group>";
		};
		13BC1E4221DEA2780063A9BB /* API */ = {
			isa = PBXGroup;
			children = (
				13BC1E4321DEA2910063A9BB /* Quotes API.swift */,
				13BC1E4521DEA9E80063A9BB /* QuoteResponse.swift */,
			);
			path = API;
			sourceTree = "<group>";
		};
/* End PBXGroup section */

/* Begin PBXNativeTarget section */
		13BC1E2421DE98830063A9BB /* My Quotes */ = {
			isa = PBXNativeTarget;
			buildConfigurationList = 13BC1E3721DE98840063A9BB /* Build configuration list for PBXNativeTarget "My Quotes" */;
			buildPhases = (
				13BC1E2121DE98830063A9BB /* Sources */,
				13BC1E2221DE98830063A9BB /* Frameworks */,
				13BC1E2321DE98830063A9BB /* Resources */,
			);
			buildRules = (
			);
			dependencies = (
			);
			name = "My Quotes";
			productName = "My Quotes";
			productReference = 13BC1E2521DE98830063A9BB /* My Quotes.app */;
			productType = "com.apple.product-type.application";
		};
/* End PBXNativeTarget section */

/* Begin PBXProject section */
		13BC1E1D21DE98830063A9BB /* Project object */ = {
			isa = PBXProject;
			attributes = {
				LastSwiftUpdateCheck = 1010;
				LastUpgradeCheck = 1010;
				ORGANIZATIONNAME = FarouK;
				TargetAttributes = {
					13BC1E2421DE98830063A9BB = {
						CreatedOnToolsVersion = 10.1;
					};
				};
			};
			buildConfigurationList = 13BC1E2021DE98830063A9BB /* Build configuration list for PBXProject "My Quotes" */;
			compatibilityVersion = "Xcode 9.3";
			developmentRegion = en;
			hasScannedForEncodings = 0;
			knownRegions = (
				en,
				Base,
			);
			mainGroup = 13BC1E1C21DE98830063A9BB;
			productRefGroup = 13BC1E2621DE98830063A9BB /* Products */;
			projectDirPath = "";
			projectRoot = "";
			targets = (
				13BC1E2421DE98830063A9BB /* My Quotes */,
			);
		};
/* End PBXProject section */

/* Begin PBXResourcesBuildPhase section */
		13BC1E2321DE98830063A9BB /* Resources */ = {
			isa = PBXResourcesBuildPhase;
			buildActionMask = 2147483647;
			files = (
				13BC1E3321DE98840063A9BB /* LaunchScreen.storyboard in Resources */,
				13C5415A21DFF73700D92BDF /* Colors.xcassets in Resources */,
				13BC1E3021DE98840063A9BB /* Assets.xcassets in Resources */,
				13BC1E2E21DE98830063A9BB /* Main.storyboard in Resources */,
			);
			runOnlyForDeploymentPostprocessing = 0;
		};
/* End PBXResourcesBuildPhase section */

/* Begin PBXSourcesBuildPhase section */
		13BC1E2121DE98830063A9BB /* Sources */ = {
			isa = PBXSourcesBuildPhase;
			buildActionMask = 2147483647;
			files = (
				13C5415C21E00DA500D92BDF /* myCustomButton.swift in Sources */,
				13C5415021DF8B7D00D92BDF /* DataController.swift in Sources */,
				13BC1E4421DEA2910063A9BB /* Quotes API.swift in Sources */,
				13C5415621DFD95200D92BDF /* customTabBarViewController.swift in Sources */,
				13C5415821DFF13100D92BDF /* MyTableViewCell.swift in Sources */,
				13BC1E2B21DE98830063A9BB /* NewQuoteViewController.swift in Sources */,
				13C5415221DF953C00D92BDF /* PersistenceStackClientProtocol.swift in Sources */,
				13BC1E3F21DE9B690063A9BB /* Quotes.xcdatamodeld in Sources */,
				13C5415421DFA50200D92BDF /* Quote+Extenstion.swift in Sources */,
				13BC1E4621DEA9E80063A9BB /* QuoteResponse.swift in Sources */,
				13BC1E4121DE9FB50063A9BB /* MyQuotesTableViewController.swift in Sources */,
				13BC1E2921DE98830063A9BB /* AppDelegate.swift in Sources */,
			);
			runOnlyForDeploymentPostprocessing = 0;
		};
/* End PBXSourcesBuildPhase section */

/* Begin PBXVariantGroup section */
		13BC1E2C21DE98830063A9BB /* Main.storyboard */ = {
			isa = PBXVariantGroup;
			children = (
				13BC1E2D21DE98830063A9BB /* Base */,
			);
			name = Main.storyboard;
			sourceTree = "<group>";
		};
		13BC1E3121DE98840063A9BB /* LaunchScreen.storyboard */ = {
			isa = PBXVariantGroup;
			children = (
				13BC1E3221DE98840063A9BB /* Base */,
			);
			name = LaunchScreen.storyboard;
			sourceTree = "<group>";
		};
/* End PBXVariantGroup section */

/* Begin XCBuildConfiguration section */
		13BC1E3521DE98840063A9BB /* Debug */ = {
			isa = XCBuildConfiguration;
			buildSettings = {
				ALWAYS_SEARCH_USER_PATHS = NO;
				CLANG_ANALYZER_NONNULL = YES;
				CLANG_ANALYZER_NUMBER_OBJECT_CONVERSION = YES_AGGRESSIVE;
				CLANG_CXX_LANGUAGE_STANDARD = "gnu++14";
				CLANG_CXX_LIBRARY = "libc++";
				CLANG_ENABLE_MODULES = YES;
				CLANG_ENABLE_OBJC_ARC = YES;
				CLANG_ENABLE_OBJC_WEAK = YES;
				CLANG_WARN_BLOCK_CAPTURE_AUTORELEASING = YES;
				CLANG_WARN_BOOL_CONVERSION = YES;
				CLANG_WARN_COMMA = YES;
				CLANG_WARN_CONSTANT_CONVERSION = YES;
				CLANG_WARN_DEPRECATED_OBJC_IMPLEMENTATIONS = YES;
				CLANG_WARN_DIRECT_OBJC_ISA_USAGE = YES_ERROR;
				CLANG_WARN_DOCUMENTATION_COMMENTS = YES;
				CLANG_WARN_EMPTY_BODY = YES;
				CLANG_WARN_ENUM_CONVERSION = YES;
				CLANG_WARN_INFINITE_RECURSION = YES;
				CLANG_WARN_INT_CONVERSION = YES;
				CLANG_WARN_NON_LITERAL_NULL_CONVERSION = YES;
				CLANG_WARN_OBJC_IMPLICIT_RETAIN_SELF = YES;
				CLANG_WARN_OBJC_LITERAL_CONVERSION = YES;
				CLANG_WARN_OBJC_ROOT_CLASS = YES_ERROR;
				CLANG_WARN_RANGE_LOOP_ANALYSIS = YES;
				CLANG_WARN_STRICT_PROTOTYPES = YES;
				CLANG_WARN_SUSPICIOUS_MOVE = YES;
				CLANG_WARN_UNGUARDED_AVAILABILITY = YES_AGGRESSIVE;
				CLANG_WARN_UNREACHABLE_CODE = YES;
				CLANG_WARN__DUPLICATE_METHOD_MATCH = YES;
				CODE_SIGN_IDENTITY = "iPhone Developer";
				COPY_PHASE_STRIP = NO;
				DEBUG_INFORMATION_FORMAT = dwarf;
				ENABLE_STRICT_OBJC_MSGSEND = YES;
				ENABLE_TESTABILITY = YES;
				GCC_C_LANGUAGE_STANDARD = gnu11;
				GCC_DYNAMIC_NO_PIC = NO;
				GCC_NO_COMMON_BLOCKS = YES;
				GCC_OPTIMIZATION_LEVEL = 0;
				GCC_PREPROCESSOR_DEFINITIONS = (
					"DEBUG=1",
					"$(inherited)",
				);
				GCC_WARN_64_TO_32_BIT_CONVERSION = YES;
				GCC_WARN_ABOUT_RETURN_TYPE = YES_ERROR;
				GCC_WARN_UNDECLARED_SELECTOR = YES;
				GCC_WARN_UNINITIALIZED_AUTOS = YES_AGGRESSIVE;
				GCC_WARN_UNUSED_FUNCTION = YES;
				GCC_WARN_UNUSED_VARIABLE = YES;
				IPHONEOS_DEPLOYMENT_TARGET = 12.1;
				MTL_ENABLE_DEBUG_INFO = INCLUDE_SOURCE;
				MTL_FAST_MATH = YES;
				ONLY_ACTIVE_ARCH = YES;
				SDKROOT = iphoneos;
				SWIFT_ACTIVE_COMPILATION_CONDITIONS = DEBUG;
				SWIFT_OPTIMIZATION_LEVEL = "-Onone";
			};
			name = Debug;
		};
		13BC1E3621DE98840063A9BB /* Release */ = {
			isa = XCBuildConfiguration;
			buildSettings = {
				ALWAYS_SEARCH_USER_PATHS = NO;
				CLANG_ANALYZER_NONNULL = YES;
				CLANG_ANALYZER_NUMBER_OBJECT_CONVERSION = YES_AGGRESSIVE;
				CLANG_CXX_LANGUAGE_STANDARD = "gnu++14";
				CLANG_CXX_LIBRARY = "libc++";
				CLANG_ENABLE_MODULES = YES;
				CLANG_ENABLE_OBJC_ARC = YES;
				CLANG_ENABLE_OBJC_WEAK = YES;
				CLANG_WARN_BLOCK_CAPTURE_AUTORELEASING = YES;
				CLANG_WARN_BOOL_CONVERSION = YES;
				CLANG_WARN_COMMA = YES;
				CLANG_WARN_CONSTANT_CONVERSION = YES;
				CLANG_WARN_DEPRECATED_OBJC_IMPLEMENTATIONS = YES;
				CLANG_WARN_DIRECT_OBJC_ISA_USAGE = YES_ERROR;
				CLANG_WARN_DOCUMENTATION_COMMENTS = YES;
				CLANG_WARN_EMPTY_BODY = YES;
				CLANG_WARN_ENUM_CONVERSION = YES;
				CLANG_WARN_INFINITE_RECURSION = YES;
				CLANG_WARN_INT_CONVERSION = YES;
				CLANG_WARN_NON_LITERAL_NULL_CONVERSION = YES;
				CLANG_WARN_OBJC_IMPLICIT_RETAIN_SELF = YES;
				CLANG_WARN_OBJC_LITERAL_CONVERSION = YES;
				CLANG_WARN_OBJC_ROOT_CLASS = YES_ERROR;
				CLANG_WARN_RANGE_LOOP_ANALYSIS = YES;
				CLANG_WARN_STRICT_PROTOTYPES = YES;
				CLANG_WARN_SUSPICIOUS_MOVE = YES;
				CLANG_WARN_UNGUARDED_AVAILABILITY = YES_AGGRESSIVE;
				CLANG_WARN_UNREACHABLE_CODE = YES;
				CLANG_WARN__DUPLICATE_METHOD_MATCH = YES;
				CODE_SIGN_IDENTITY = "iPhone Developer";
				COPY_PHASE_STRIP = NO;
				DEBUG_INFORMATION_FORMAT = "dwarf-with-dsym";
				ENABLE_NS_ASSERTIONS = NO;
				ENABLE_STRICT_OBJC_MSGSEND = YES;
				GCC_C_LANGUAGE_STANDARD = gnu11;
				GCC_NO_COMMON_BLOCKS = YES;
				GCC_WARN_64_TO_32_BIT_CONVERSION = YES;
				GCC_WARN_ABOUT_RETURN_TYPE = YES_ERROR;
				GCC_WARN_UNDECLARED_SELECTOR = YES;
				GCC_WARN_UNINITIALIZED_AUTOS = YES_AGGRESSIVE;
				GCC_WARN_UNUSED_FUNCTION = YES;
				GCC_WARN_UNUSED_VARIABLE = YES;
				IPHONEOS_DEPLOYMENT_TARGET = 12.1;
				MTL_ENABLE_DEBUG_INFO = NO;
				MTL_FAST_MATH = YES;
				SDKROOT = iphoneos;
				SWIFT_COMPILATION_MODE = wholemodule;
				SWIFT_OPTIMIZATION_LEVEL = "-O";
				VALIDATE_PRODUCT = YES;
			};
			name = Release;
		};
		13BC1E3821DE98840063A9BB /* Debug */ = {
			isa = XCBuildConfiguration;
			buildSettings = {
				ASSETCATALOG_COMPILER_APPICON_NAME = AppIcon;
				CODE_SIGN_STYLE = Automatic;
				DEVELOPMENT_TEAM = 53QE5K8YSA;
				INFOPLIST_FILE = "My Quotes/Info.plist";
				LD_RUNPATH_SEARCH_PATHS = (
					"$(inherited)",
					"@executable_path/Frameworks",
				);
				PRODUCT_BUNDLE_IDENTIFIER = "FarouK.My-Quotes";
				PRODUCT_NAME = "$(TARGET_NAME)";
				SWIFT_VERSION = 4.2;
				TARGETED_DEVICE_FAMILY = "1,2";
			};
			name = Debug;
		};
		13BC1E3921DE98840063A9BB /* Release */ = {
			isa = XCBuildConfiguration;
			buildSettings = {
				ASSETCATALOG_COMPILER_APPICON_NAME = AppIcon;
				CODE_SIGN_STYLE = Automatic;
				DEVELOPMENT_TEAM = 53QE5K8YSA;
				INFOPLIST_FILE = "My Quotes/Info.plist";
				LD_RUNPATH_SEARCH_PATHS = (
					"$(inherited)",
					"@executable_path/Frameworks",
				);
				PRODUCT_BUNDLE_IDENTIFIER = "FarouK.My-Quotes";
				PRODUCT_NAME = "$(TARGET_NAME)";
				SWIFT_VERSION = 4.2;
				TARGETED_DEVICE_FAMILY = "1,2";
			};
			name = Release;
		};
/* End XCBuildConfiguration section */

/* Begin XCConfigurationList section */
		13BC1E2021DE98830063A9BB /* Build configuration list for PBXProject "My Quotes" */ = {
			isa = XCConfigurationList;
			buildConfigurations = (
				13BC1E3521DE98840063A9BB /* Debug */,
				13BC1E3621DE98840063A9BB /* Release */,
			);
			defaultConfigurationIsVisible = 0;
			defaultConfigurationName = Release;
		};
		13BC1E3721DE98840063A9BB /* Build configuration list for PBXNativeTarget "My Quotes" */ = {
			isa = XCConfigurationList;
			buildConfigurations = (
				13BC1E3821DE98840063A9BB /* Debug */,
				13BC1E3921DE98840063A9BB /* Release */,
			);
			defaultConfigurationIsVisible = 0;
			defaultConfigurationName = Release;
		};
/* End XCConfigurationList section */

/* Begin XCVersionGroup section */
		13BC1E3D21DE9B690063A9BB /* Quotes.xcdatamodeld */ = {
			isa = XCVersionGroup;
			children = (
				13BC1E3E21DE9B690063A9BB /* Quotes.xcdatamodel */,
			);
			currentVersion = 13BC1E3E21DE9B690063A9BB /* Quotes.xcdatamodel */;
			path = Quotes.xcdatamodeld;
			sourceTree = "<group>";
			versionGroupType = wrapper.xcdatamodel;
		};
/* End XCVersionGroup section */
	};
	rootObject = 13BC1E1D21DE98830063A9BB /* Project object */;
}
